
Microsoft Visual Studio Solution File, Format Version 12.00
# Visual Studio Version 17
VisualStudioVersion = 17.4.33213.308
MinimumVisualStudioVersion = 10.0.40219.1
Project("{FAE04EC0-301F-11D3-BF4B-00C04F79EFBC}") = "ListaDinâmica", "ListaDinâmica\ListaDinâmica.csproj", "{2628CFCF-EB6C-4842-B30B-A0E982BCF8B6}"
EndProject
Global
	GlobalSection(SolutionConfigurationPlatforms) = preSolution
		Debug|Any CPU = Debug|Any CPU
		Release|Any CPU = Release|Any CPU
	EndGlobalSection
	GlobalSection(ProjectConfigurationPlatforms) = postSolution
		{2628CFCF-EB6C-4842-B30B-A0E982BCF8B6}.Debug|Any CPU.ActiveCfg = Debug|Any CPU
		{2628CFCF-EB6C-4842-B30B-A0E982BCF8B6}.Debug|Any CPU.Build.0 = Debug|Any CPU
		{2628CFCF-EB6C-4842-B30B-A0E982BCF8B6}.Release|Any CPU.ActiveCfg = Release|Any CPU
		{2628CFCF-EB6C-4842-B30B-A0E982BCF8B6}.Release|Any CPU.Build.0 = Release|Any CPU
	EndGlobalSection
	GlobalSection(SolutionProperties) = preSolution
		HideSolutionNode = FALSE
	EndGlobalSection
	GlobalSection(ExtensibilityGlobals) = postSolution
		SolutionGuid = {AEAEA529-1EA4-48F8-9C2C-61420C0D6CCD}
	EndGlobalSection
EndGlobal
